
Microsoft Visual Studio Solution File, Format Version 12.00
# Visual Studio Version 16
VisualStudioVersion = 16.0.30717.126
MinimumVisualStudioVersion = 10.0.40219.1
Project("{FAE04EC0-301F-11D3-BF4B-00C04F79EFBC}") = "UsefulFunc", "UsefulFunc\UsefulFunc.csproj", "{1E8C8F23-F69C-43BE-89C1-2EEA9E767BB8}"
EndProject
Global
	GlobalSection(SolutionConfigurationPlatforms) = preSolution
		Debug|Any CPU = Debug|Any CPU
		Release|Any CPU = Release|Any CPU
	EndGlobalSection
	GlobalSection(ProjectConfigurationPlatforms) = postSolution
		{1E8C8F23-F69C-43BE-89C1-2EEA9E767BB8}.Debug|Any CPU.ActiveCfg = Debug|Any CPU
		{1E8C8F23-F69C-43BE-89C1-2EEA9E767BB8}.Debug|Any CPU.Build.0 = Debug|Any CPU
		{1E8C8F23-F69C-43BE-89C1-2EEA9E767BB8}.Release|Any CPU.ActiveCfg = Release|Any CPU
		{1E8C8F23-F69C-43BE-89C1-2EEA9E767BB8}.Release|Any CPU.Build.0 = Release|Any CPU
	EndGlobalSection
	GlobalSection(SolutionProperties) = preSolution
		HideSolutionNode = FALSE
	EndGlobalSection
	GlobalSection(ExtensibilityGlobals) = postSolution
		SolutionGuid = {4F738ED8-70F2-4280-B13D-C9E3E1F165FF}
	EndGlobalSection
EndGlobal
